
Microsoft Visual Studio Solution File, Format Version 12.00
# Visual Studio Version 17
VisualStudioVersion = 17.9.34728.123
MinimumVisualStudioVersion = 10.0.40219.1
Project("{888888A0-9F3D-457C-B088-3A5042F75D52}") = "CTPReportGenerator", "CTPReportGenerator.pyproj", "{F476A789-794F-4412-B609-3382347F749D}"
EndProject
Global
	GlobalSection(SolutionConfigurationPlatforms) = preSolution
		Debug|Any CPU = Debug|Any CPU
		Release|Any CPU = Release|Any CPU
	EndGlobalSection
	GlobalSection(ProjectConfigurationPlatforms) = postSolution
		{F476A789-794F-4412-B609-3382347F749D}.Debug|Any CPU.ActiveCfg = Debug|Any CPU
		{F476A789-794F-4412-B609-3382347F749D}.Debug|Any CPU.Build.0 = Debug|Any CPU
		{F476A789-794F-4412-B609-3382347F749D}.Release|Any CPU.ActiveCfg = Release|Any CPU
		{F476A789-794F-4412-B609-3382347F749D}.Release|Any CPU.Build.0 = Release|Any CPU
	EndGlobalSection
	GlobalSection(SolutionProperties) = preSolution
		HideSolutionNode = FALSE
	EndGlobalSection
	GlobalSection(ExtensibilityGlobals) = postSolution
		SolutionGuid = {83007880-D5AD-4D95-9509-07BD7004DC6B}
	EndGlobalSection
EndGlobal
